
Microsoft Visual Studio Solution File, Format Version 12.00
# Visual Studio Version 17
VisualStudioVersion = 17.12.35527.113 d17.12
MinimumVisualStudioVersion = 10.0.40219.1
Project("{F184B08F-C81C-45F6-A57F-5ABD9991F28F}") = "ContactApp", "ContactApp\ContactApp.vbproj", "{E0220764-1824-4E9A-B0E3-DAAF3974F642}"
EndProject
Global
	GlobalSection(SolutionConfigurationPlatforms) = preSolution
		Debug|Any CPU = Debug|Any CPU
		Release|Any CPU = Release|Any CPU
	EndGlobalSection
	GlobalSection(ProjectConfigurationPlatforms) = postSolution
		{E0220764-1824-4E9A-B0E3-DAAF3974F642}.Debug|Any CPU.ActiveCfg = Debug|Any CPU
		{E0220764-1824-4E9A-B0E3-DAAF3974F642}.Debug|Any CPU.Build.0 = Debug|Any CPU
		{E0220764-1824-4E9A-B0E3-DAAF3974F642}.Release|Any CPU.ActiveCfg = Release|Any CPU
		{E0220764-1824-4E9A-B0E3-DAAF3974F642}.Release|Any CPU.Build.0 = Release|Any CPU
	EndGlobalSection
	GlobalSection(SolutionProperties) = preSolution
		HideSolutionNode = FALSE
	EndGlobalSection
EndGlobal
