
Microsoft Visual Studio Solution File, Format Version 12.00
# Visual Studio Version 17
VisualStudioVersion = 17.12.35707.178
MinimumVisualStudioVersion = 10.0.40219.1
Project("{FAE04EC0-301F-11D3-BF4B-00C04F79EFBC}") = "BankAccountsApp", "BankAccountsApp\BankAccountsApp.csproj", "{B88EC9F2-AE0B-4793-9BDA-0CACA455A30A}"
EndProject
Project("{FAE04EC0-301F-11D3-BF4B-00C04F79EFBC}") = "PartialClasses", "PartialClasses\PartialClasses.csproj", "{F83A4A95-96F7-40E0-B6F4-924DB6B07D2B}"
EndProject
Project("{FAE04EC0-301F-11D3-BF4B-00C04F79EFBC}") = "Interfaces", "Interfaces\Interfaces.csproj", "{C443117D-E326-4EC2-8E6B-623B826B056C}"
EndProject
Global
	GlobalSection(SolutionConfigurationPlatforms) = preSolution
		Debug|Any CPU = Debug|Any CPU
		Release|Any CPU = Release|Any CPU
	EndGlobalSection
	GlobalSection(ProjectConfigurationPlatforms) = postSolution
		{B88EC9F2-AE0B-4793-9BDA-0CACA455A30A}.Debug|Any CPU.ActiveCfg = Debug|Any CPU
		{B88EC9F2-AE0B-4793-9BDA-0CACA455A30A}.Debug|Any CPU.Build.0 = Debug|Any CPU
		{B88EC9F2-AE0B-4793-9BDA-0CACA455A30A}.Release|Any CPU.ActiveCfg = Release|Any CPU
		{B88EC9F2-AE0B-4793-9BDA-0CACA455A30A}.Release|Any CPU.Build.0 = Release|Any CPU
		{F83A4A95-96F7-40E0-B6F4-924DB6B07D2B}.Debug|Any CPU.ActiveCfg = Debug|Any CPU
		{F83A4A95-96F7-40E0-B6F4-924DB6B07D2B}.Debug|Any CPU.Build.0 = Debug|Any CPU
		{F83A4A95-96F7-40E0-B6F4-924DB6B07D2B}.Release|Any CPU.ActiveCfg = Release|Any CPU
		{F83A4A95-96F7-40E0-B6F4-924DB6B07D2B}.Release|Any CPU.Build.0 = Release|Any CPU
		{C443117D-E326-4EC2-8E6B-623B826B056C}.Debug|Any CPU.ActiveCfg = Debug|Any CPU
		{C443117D-E326-4EC2-8E6B-623B826B056C}.Debug|Any CPU.Build.0 = Debug|Any CPU
		{C443117D-E326-4EC2-8E6B-623B826B056C}.Release|Any CPU.ActiveCfg = Release|Any CPU
		{C443117D-E326-4EC2-8E6B-623B826B056C}.Release|Any CPU.Build.0 = Release|Any CPU
	EndGlobalSection
	GlobalSection(SolutionProperties) = preSolution
		HideSolutionNode = FALSE
	EndGlobalSection
EndGlobal
